
Microsoft Visual Studio Solution File, Format Version 12.00
# Visual Studio Version 17
VisualStudioVersion = 17.2.32602.215
MinimumVisualStudioVersion = 10.0.40219.1
Project("{FAE04EC0-301F-11D3-BF4B-00C04F79EFBC}") = "WeatherWebApp", "WeatherWebApp\WeatherWebApp.csproj", "{103ACDE0-C14B-409C-A88F-2EF7769D4FC8}"
EndProject
Global
	GlobalSection(SolutionConfigurationPlatforms) = preSolution
		Debug|Any CPU = Debug|Any CPU
		Release|Any CPU = Release|Any CPU
	EndGlobalSection
	GlobalSection(ProjectConfigurationPlatforms) = postSolution
		{103ACDE0-C14B-409C-A88F-2EF7769D4FC8}.Debug|Any CPU.ActiveCfg = Debug|Any CPU
		{103ACDE0-C14B-409C-A88F-2EF7769D4FC8}.Debug|Any CPU.Build.0 = Debug|Any CPU
		{103ACDE0-C14B-409C-A88F-2EF7769D4FC8}.Release|Any CPU.ActiveCfg = Release|Any CPU
		{103ACDE0-C14B-409C-A88F-2EF7769D4FC8}.Release|Any CPU.Build.0 = Release|Any CPU
	EndGlobalSection
	GlobalSection(SolutionProperties) = preSolution
		HideSolutionNode = FALSE
	EndGlobalSection
	GlobalSection(ExtensibilityGlobals) = postSolution
		SolutionGuid = {D0257392-581E-4D29-B8D4-35F3AF4D3968}
	EndGlobalSection
EndGlobal
